
Microsoft Visual Studio Solution File, Format Version 12.00
# Visual Studio Version 17
VisualStudioVersion = 17.14.37012.4
MinimumVisualStudioVersion = 10.0.40219.1
Project("{FAE04EC0-301F-11D3-BF4B-00C04F79EFBC}") = "VehicleRental.API", "VehicleRental.API\VehicleRental.API.csproj", "{0A88952A-06ED-4528-BE93-CDB5F98FDAD1}"
EndProject
Project("{FAE04EC0-301F-11D3-BF4B-00C04F79EFBC}") = "VehicleRental.Web", "VehicleRental.Web\VehicleRental.Web.csproj", "{EE5D6FA7-7466-4464-8B3A-A52F953AB3E8}"
EndProject
Project("{FAE04EC0-301F-11D3-BF4B-00C04F79EFBC}") = "VehicleRental.Domain", "VehicleRental.Domain\VehicleRental.Domain.csproj", "{53B04636-77A0-4E78-A957-FCC445E5A01F}"
EndProject
Project("{FAE04EC0-301F-11D3-BF4B-00C04F79EFBC}") = "VehicleRental.Application", "VehicleRental.Application\VehicleRental.Application.csproj", "{527DC4F9-23DD-4407-A56D-1D422A33EEC7}"
EndProject
Project("{FAE04EC0-301F-11D3-BF4B-00C04F79EFBC}") = "VehicleRental.Infrastructure", "VehicleRental.Infrastructure\VehicleRental.Infrastructure.csproj", "{179C08F4-3258-4B6A-8C2F-096D70AFB145}"
EndProject
Global
	GlobalSection(SolutionConfigurationPlatforms) = preSolution
		Debug|Any CPU = Debug|Any CPU
		Release|Any CPU = Release|Any CPU
	EndGlobalSection
	GlobalSection(ProjectConfigurationPlatforms) = postSolution
		{0A88952A-06ED-4528-BE93-CDB5F98FDAD1}.Debug|Any CPU.ActiveCfg = Debug|Any CPU
		{0A88952A-06ED-4528-BE93-CDB5F98FDAD1}.Debug|Any CPU.Build.0 = Debug|Any CPU
		{0A88952A-06ED-4528-BE93-CDB5F98FDAD1}.Release|Any CPU.ActiveCfg = Release|Any CPU
		{0A88952A-06ED-4528-BE93-CDB5F98FDAD1}.Release|Any CPU.Build.0 = Release|Any CPU
		{EE5D6FA7-7466-4464-8B3A-A52F953AB3E8}.Debug|Any CPU.ActiveCfg = Debug|Any CPU
		{EE5D6FA7-7466-4464-8B3A-A52F953AB3E8}.Debug|Any CPU.Build.0 = Debug|Any CPU
		{EE5D6FA7-7466-4464-8B3A-A52F953AB3E8}.Release|Any CPU.ActiveCfg = Release|Any CPU
		{EE5D6FA7-7466-4464-8B3A-A52F953AB3E8}.Release|Any CPU.Build.0 = Release|Any CPU
		{53B04636-77A0-4E78-A957-FCC445E5A01F}.Debug|Any CPU.ActiveCfg = Debug|Any CPU
		{53B04636-77A0-4E78-A957-FCC445E5A01F}.Debug|Any CPU.Build.0 = Debug|Any CPU
		{53B04636-77A0-4E78-A957-FCC445E5A01F}.Release|Any CPU.ActiveCfg = Release|Any CPU
		{53B04636-77A0-4E78-A957-FCC445E5A01F}.Release|Any CPU.Build.0 = Release|Any CPU
		{527DC4F9-23DD-4407-A56D-1D422A33EEC7}.Debug|Any CPU.ActiveCfg = Debug|Any CPU
		{527DC4F9-23DD-4407-A56D-1D422A33EEC7}.Debug|Any CPU.Build.0 = Debug|Any CPU
		{527DC4F9-23DD-4407-A56D-1D422A33EEC7}.Release|Any CPU.ActiveCfg = Release|Any CPU
		{527DC4F9-23DD-4407-A56D-1D422A33EEC7}.Release|Any CPU.Build.0 = Release|Any CPU
		{179C08F4-3258-4B6A-8C2F-096D70AFB145}.Debug|Any CPU.ActiveCfg = Debug|Any CPU
		{179C08F4-3258-4B6A-8C2F-096D70AFB145}.Debug|Any CPU.Build.0 = Debug|Any CPU
		{179C08F4-3258-4B6A-8C2F-096D70AFB145}.Release|Any CPU.ActiveCfg = Release|Any CPU
		{179C08F4-3258-4B6A-8C2F-096D70AFB145}.Release|Any CPU.Build.0 = Release|Any CPU
	EndGlobalSection
	GlobalSection(SolutionProperties) = preSolution
		HideSolutionNode = FALSE
	EndGlobalSection
	GlobalSection(ExtensibilityGlobals) = postSolution
		SolutionGuid = {87ABF2D9-2D95-44B2-BC62-031104737127}
	EndGlobalSection
EndGlobal
